
Microsoft Visual Studio Solution File, Format Version 12.00
# Visual Studio Version 17
VisualStudioVersion = 17.3.32819.101
MinimumVisualStudioVersion = 10.0.40219.1
Project("{9A19103F-16F7-4668-BE54-9A1E7A4F7556}") = "WebApi", "WebApi\WebApi.csproj", "{75A5B2F0-5A41-4B61-AF00-F980E4144DA4}"
EndProject
Project("{9A19103F-16F7-4668-BE54-9A1E7A4F7556}") = "Domain", "Domain\Domain.csproj", "{0E09DAAF-EF5C-4635-83AD-ED155BE080CA}"
EndProject
Project("{9A19103F-16F7-4668-BE54-9A1E7A4F7556}") = "Application", "Application\Application.csproj", "{C41A6351-5079-46B9-A3A1-F2387A02F67A}"
EndProject
Project("{9A19103F-16F7-4668-BE54-9A1E7A4F7556}") = "Infrastructure", "Infrastructure\Infrastructure.csproj", "{9B793A15-2EB8-4DD4-9DFC-2F74AC36A305}"
EndProject
Project("{9A19103F-16F7-4668-BE54-9A1E7A4F7556}") = "Persistence", "Persistence\Persistence.csproj", "{6618406F-38B1-4917-8E76-368A8C4E5A8F}"
EndProject
Global
	GlobalSection(SolutionConfigurationPlatforms) = preSolution
		Debug|Any CPU = Debug|Any CPU
		Release|Any CPU = Release|Any CPU
	EndGlobalSection
	GlobalSection(ProjectConfigurationPlatforms) = postSolution
		{75A5B2F0-5A41-4B61-AF00-F980E4144DA4}.Debug|Any CPU.ActiveCfg = Debug|Any CPU
		{75A5B2F0-5A41-4B61-AF00-F980E4144DA4}.Debug|Any CPU.Build.0 = Debug|Any CPU
		{75A5B2F0-5A41-4B61-AF00-F980E4144DA4}.Release|Any CPU.ActiveCfg = Release|Any CPU
		{75A5B2F0-5A41-4B61-AF00-F980E4144DA4}.Release|Any CPU.Build.0 = Release|Any CPU
		{0E09DAAF-EF5C-4635-83AD-ED155BE080CA}.Debug|Any CPU.ActiveCfg = Debug|Any CPU
		{0E09DAAF-EF5C-4635-83AD-ED155BE080CA}.Debug|Any CPU.Build.0 = Debug|Any CPU
		{0E09DAAF-EF5C-4635-83AD-ED155BE080CA}.Release|Any CPU.ActiveCfg = Release|Any CPU
		{0E09DAAF-EF5C-4635-83AD-ED155BE080CA}.Release|Any CPU.Build.0 = Release|Any CPU
		{C41A6351-5079-46B9-A3A1-F2387A02F67A}.Debug|Any CPU.ActiveCfg = Debug|Any CPU
		{C41A6351-5079-46B9-A3A1-F2387A02F67A}.Debug|Any CPU.Build.0 = Debug|Any CPU
		{C41A6351-5079-46B9-A3A1-F2387A02F67A}.Release|Any CPU.ActiveCfg = Release|Any CPU
		{C41A6351-5079-46B9-A3A1-F2387A02F67A}.Release|Any CPU.Build.0 = Release|Any CPU
		{9B793A15-2EB8-4DD4-9DFC-2F74AC36A305}.Debug|Any CPU.ActiveCfg = Debug|Any CPU
		{9B793A15-2EB8-4DD4-9DFC-2F74AC36A305}.Debug|Any CPU.Build.0 = Debug|Any CPU
		{9B793A15-2EB8-4DD4-9DFC-2F74AC36A305}.Release|Any CPU.ActiveCfg = Release|Any CPU
		{9B793A15-2EB8-4DD4-9DFC-2F74AC36A305}.Release|Any CPU.Build.0 = Release|Any CPU
		{6618406F-38B1-4917-8E76-368A8C4E5A8F}.Debug|Any CPU.ActiveCfg = Debug|Any CPU
		{6618406F-38B1-4917-8E76-368A8C4E5A8F}.Debug|Any CPU.Build.0 = Debug|Any CPU
		{6618406F-38B1-4917-8E76-368A8C4E5A8F}.Release|Any CPU.ActiveCfg = Release|Any CPU
		{6618406F-38B1-4917-8E76-368A8C4E5A8F}.Release|Any CPU.Build.0 = Release|Any CPU
	EndGlobalSection
	GlobalSection(SolutionProperties) = preSolution
		HideSolutionNode = FALSE
	EndGlobalSection
	GlobalSection(ExtensibilityGlobals) = postSolution
		SolutionGuid = {85F84CA4-58CE-437E-A42E-C5C25B0D78C4}
	EndGlobalSection
EndGlobal
